
Microsoft Visual Studio Solution File, Format Version 12.00
# Visual Studio 15
VisualStudioVersion = 15.0.27703.2042
MinimumVisualStudioVersion = 10.0.40219.1
Project("{FAE04EC0-301F-11D3-BF4B-00C04F79EFBC}") = "TotalCommander", "TotalCommander\TotalCommander.csproj", "{FD143449-3A3E-4890-B69D-BD825DC8FBDD}"
EndProject
Global
	GlobalSection(SolutionConfigurationPlatforms) = preSolution
		Debug|Any CPU = Debug|Any CPU
		Release|Any CPU = Release|Any CPU
	EndGlobalSection
	GlobalSection(ProjectConfigurationPlatforms) = postSolution
		{FD143449-3A3E-4890-B69D-BD825DC8FBDD}.Debug|Any CPU.ActiveCfg = Debug|Any CPU
		{FD143449-3A3E-4890-B69D-BD825DC8FBDD}.Debug|Any CPU.Build.0 = Debug|Any CPU
		{FD143449-3A3E-4890-B69D-BD825DC8FBDD}.Release|Any CPU.ActiveCfg = Release|Any CPU
		{FD143449-3A3E-4890-B69D-BD825DC8FBDD}.Release|Any CPU.Build.0 = Release|Any CPU
	EndGlobalSection
	GlobalSection(SolutionProperties) = preSolution
		HideSolutionNode = FALSE
	EndGlobalSection
	GlobalSection(ExtensibilityGlobals) = postSolution
		SolutionGuid = {61FBF17F-F096-4793-B70D-9AA386CB413A}
	EndGlobalSection
EndGlobal
